
Microsoft Visual Studio Solution File, Format Version 12.00
# Visual Studio 15
VisualStudioVersion = 15.0.28307.2017
MinimumVisualStudioVersion = 10.0.40219.1
Project("{FAE04EC0-301F-11D3-BF4B-00C04F79EFBC}") = "TestProjekt", "TestProjekt.csproj", "{7DEE526B-1852-434B-A533-278834704AB2}"
EndProject
Global
	GlobalSection(SolutionConfigurationPlatforms) = preSolution
		Debug|Any CPU = Debug|Any CPU
		Release|Any CPU = Release|Any CPU
	EndGlobalSection
	GlobalSection(ProjectConfigurationPlatforms) = postSolution
		{7DEE526B-1852-434B-A533-278834704AB2}.Debug|Any CPU.ActiveCfg = Debug|Any CPU
		{7DEE526B-1852-434B-A533-278834704AB2}.Debug|Any CPU.Build.0 = Debug|Any CPU
		{7DEE526B-1852-434B-A533-278834704AB2}.Release|Any CPU.ActiveCfg = Release|Any CPU
		{7DEE526B-1852-434B-A533-278834704AB2}.Release|Any CPU.Build.0 = Release|Any CPU
	EndGlobalSection
	GlobalSection(SolutionProperties) = preSolution
		HideSolutionNode = FALSE
	EndGlobalSection
	GlobalSection(ExtensibilityGlobals) = postSolution
		SolutionGuid = {F39A19FE-A3FE-467C-8090-FE0B45D5BCCB}
	EndGlobalSection
EndGlobal
